{
  "name": "react-css-modules-psh",
  "version": "1.0.0",
  "lockfileVersion": 1,
  "requires": true,
  "dependencies": {
    "@types/prop-types": {
      "version": "15.7.3",
      "resolved": "https://registry.npmjs.org/@types/prop-types/-/prop-types-15.7.3.tgz",
      "integrity": "sha512-KfRL3PuHmqQLOG+2tGpRO26Ctg+Cq1E01D2DMriKEATHgWLfeNDmq9e29Q9WIky0dQ3NPkd1mzYH8Lm936Z9qw=="
    },
    "@types/react": {
      "version": "16.9.49",
      "resolved": "https://registry.npmjs.org/@types/react/-/react-16.9.49.tgz",
      "integrity": "sha512-DtLFjSj0OYAdVLBbyjhuV9CdGVHCkHn2R+xr3XkBvK2rS1Y1tkc14XSGjYgm5Fjjr90AxH9tiSzc1pCFMGO06g==",
      "requires": {
        "@types/prop-types": "*",
        "csstype": "^3.0.2"
      }
    },
    "@types/react-css-modules": {
      "version": "4.6.2",
      "resolved": "https://registry.npmjs.org/@types/react-css-modules/-/react-css-modules-4.6.2.tgz",
      "integrity": "sha512-jRgAsH//g6BHS/cINR90HE2GJWGZe5tLYilxFMY1zTns4BvQ8DUXMQg5333HVSGoj7bjkDLK/whrgfzdAattHg=="
    },
    "csstype": {
      "version": "3.0.3",
      "resolved": "https://registry.npmjs.org/csstype/-/csstype-3.0.3.tgz",
      "integrity": "sha512-jPl+wbWPOWJ7SXsWyqGRk3lGecbar0Cb0OvZF/r/ZU011R4YqiRehgkQ9p4eQfo9DSDLqLL3wHwfxeJiuIsNag=="
    },
    "hoist-non-react-statics": {
      "version": "2.5.5",
      "resolved": "https://registry.npmjs.org/hoist-non-react-statics/-/hoist-non-react-statics-2.5.5.tgz",
      "integrity": "sha512-rqcy4pJo55FTTLWt+bU8ukscqHeE/e9KWvsOW2b/a3afxQZhwkQdT1rPPCJ0rYXdj4vNcasY8zHTH+jF/qStxw=="
    },
    "lodash": {
      "version": "4.17.20",
      "resolved": "https://registry.npmjs.org/lodash/-/lodash-4.17.20.tgz",
      "integrity": "sha512-PlhdFcillOINfeV7Ni6oF1TAEayyZBoZ8bcshTHqOYJYlrqzRK5hagpagky5o4HfCzzd1TRkXPMFq6cKk9rGmA=="
    },
    "object-unfreeze": {
      "version": "1.1.0",
      "resolved": "https://registry.npmjs.org/object-unfreeze/-/object-unfreeze-1.1.0.tgz",
      "integrity": "sha1-aWKL6h88nSn06wumOzgALXDqPOk="
    },
    "react-css-modules": {
      "version": "4.7.11",
      "resolved": "https://registry.npmjs.org/react-css-modules/-/react-css-modules-4.7.11.tgz",
      "integrity": "sha512-ke/zMcBKQyq7x4I5CREzeA/cZSg7MW/Kx23L1OICd+PXKNq++fMdAJDeDLFYkDY28TwuAHpwsKxDYEVjpEMkmQ==",
      "requires": {
        "hoist-non-react-statics": "^2.5.5",
        "lodash": "^4.16.6",
        "object-unfreeze": "^1.1.0"
      }
    },
    "typescript": {
      "version": "4.0.3",
      "resolved": "https://registry.npmjs.org/typescript/-/typescript-4.0.3.tgz",
      "integrity": "sha512-tEu6DGxGgRJPb/mVPIZ48e69xCn2yRmCgYmDugAVwmJ6o+0u1RI18eO7E7WBTLYLaEVVOhwQmcdhQHweux/WPg==",
      "dev": true
    }
  }
}
